<?xml version="1.0" encoding="utf-8"?>
<Project ToolsVersion="4.0" xmlns="http://schemas.microsoft.com/developer/msbuild/2003">
  <ItemGroup>
    <Filter Include="Source Files">
      <UniqueIdentifier>{4FC737F1-C7A5-4376-A066-2A32D752A2FF}</UniqueIdentifier>
      <Extensions>cpp;c;cc;cxx;def;odl;idl;hpj;bat;asm;asmx</Extensions>
    </Filter>
    <Filter Include="Header Files">
      <UniqueIdentifier>{93995380-89BD-4b04-88EB-625FBE52EBFB}</UniqueIdentifier>
      <Extensions>h;hpp;hxx;hm;inl;inc;xsd</Extensions>
    </Filter>
  </ItemGroup>
  <ItemGroup>
    <ClCompile Include="CThread.cpp">
      <Filter>Source Files</Filter>
    </ClCompile>
    <ClCompile Include="ServerSocket.cpp">
      <Filter>Source Files</Filter>
    </ClCompile>
    <ClCompile Include="SocketListener.cpp">
      <Filter>Source Files</Filter>
    </ClCompile>
    <ClCompile Include="SocketSender.cpp">
      <Filter>Source Files</Filter>
    </ClCompile>
    <ClCompile Include="stdafx.cpp">
      <Filter>Source Files</Filter>
    </ClCompile>
    <ClCompile Include="MainActivity.cpp">
      <Filter>Source Files</Filter>
    </ClCompile>
    <ClCompile Include="Source.cpp">
      <Filter>Source Files</Filter>
    </ClCompile>
    <ClCompile Include="RobotDrive.cpp">
      <Filter>Source Files</Filter>
    </ClCompile>
    <ClCompile Include="VotingPID.cpp">
      <Filter>Source Files</Filter>
    </ClCompile>
    <ClCompile Include="ServerSocketRunPID.cpp">
      <Filter>Source Files</Filter>
    </ClCompile>
    <ClCompile Include="PIDRun.cpp">
      <Filter>Source Files</Filter>
    </ClCompile>
    <ClCompile Include="MainBackup.cpp">
      <Filter>Source Files</Filter>
    </ClCompile>
  </ItemGroup>
  <ItemGroup>
    <ClInclude Include="CThread.h">
      <Filter>Header Files</Filter>
    </ClInclude>
    <ClInclude Include="ServerSocket.h">
      <Filter>Header Files</Filter>
    </ClInclude>
    <ClInclude Include="SocketListener.h">
      <Filter>Header Files</Filter>
    </ClInclude>
    <ClInclude Include="SocketSender.h">
      <Filter>Header Files</Filter>
    </ClInclude>
    <ClInclude Include="stdafx.h">
      <Filter>Header Files</Filter>
    </ClInclude>
    <ClInclude Include="targetver.h">
      <Filter>Header Files</Filter>
    </ClInclude>
    <ClInclude Include="RobotDrive.h">
      <Filter>Header Files</Filter>
    </ClInclude>
    <ClInclude Include="VotingPID.h">
      <Filter>Header Files</Filter>
    </ClInclude>
    <ClInclude Include="KinectSetup.h">
      <Filter>Header Files</Filter>
    </ClInclude>
    <ClInclude Include="MainActivity.h">
      <Filter>Header Files</Filter>
    </ClInclude>
    <ClInclude Include="ServerSocketRunPID.h">
      <Filter>Header Files</Filter>
    </ClInclude>
    <ClInclude Include="PIDRun.h">
      <Filter>Header Files</Filter>
    </ClInclude>
  </ItemGroup>
  <ItemGroup>
    <Text Include="ReadMe.txt" />
  </ItemGroup>
</Project>