
Microsoft Visual Studio Solution File, Format Version 10.00
# Visual C++ Express 2008
Project("{8BC9CEB8-8B4A-11D0-8D11-00A0C91BC942}") = "NativeServer", "NativeServer\NativeServer.vcproj", "{687AB5AB-E4BE-4978-B8A3-B58FF1471ACB}"
EndProject
Global
	GlobalSection(SolutionConfigurationPlatforms) = preSolution
		Debug|Win32 = Debug|Win32
		Release|Win32 = Release|Win32
	EndGlobalSection
	GlobalSection(ProjectConfigurationPlatforms) = postSolution
		{687AB5AB-E4BE-4978-B8A3-B58FF1471ACB}.Debug|Win32.ActiveCfg = Debug|Win32
		{687AB5AB-E4BE-4978-B8A3-B58FF1471ACB}.Debug|Win32.Build.0 = Debug|Win32
		{687AB5AB-E4BE-4978-B8A3-B58FF1471ACB}.Release|Win32.ActiveCfg = Release|Win32
		{687AB5AB-E4BE-4978-B8A3-B58FF1471ACB}.Release|Win32.Build.0 = Release|Win32
	EndGlobalSection
	GlobalSection(SolutionProperties) = preSolution
		HideSolutionNode = FALSE
	EndGlobalSection
EndGlobal
